PODS:
  - Alamofire (5.4.3)
  - Swinject (2.8.0)

DEPENDENCIES:
  - Alamofire (~> 5.4)
  - Swinject

SPEC REPOS:
  trunk:
    - Alamofire
    - Swinject

SPEC CHECKSUMS:
  Alamofire: e447a2774a40c996748296fa2c55112fdbbc42f9
  Swinject: db795b8d6d78559b25fbebb0170d2635be1176e2

PODFILE CHECKSUM: f8cb0c2e2d446f2138315af5d777b708b8fa6f9d

COCOAPODS: 1.10.1
