// !$*UTF8*$!
{
	archiveVersion = 1;
	classes = {
	};
	objectVersion = 51;
	objects = {

/* Begin PBXBuildFile section */
		07E4DDB79F49CF75CA6B0EBF /* Pods_GBShop.framework in Frameworks */ = {isa = PBXBuildFile; fileRef = 542A8D9973D870E7C8234DD1 /* Pods_GBShop.framework */; };
		3C07DC8326FE125F00494876 /* UIButton + Extensions.swift in Sources */ = {isa = PBXBuildFile; fileRef = 3C07DC8226FE125F00494876 /* UIButton + Extensions.swift */; };
		3C0B900026D8F119004D05B2 /* ErrorParser.swift in Sources */ = {isa = PBXBuildFile; fileRef = 3C0B8FFF26D8F119004D05B2 /* ErrorParser.swift */; };
		3C0B900226D9036C004D05B2 /* CustomDecodableSerializer.swift in Sources */ = {isa = PBXBuildFile; fileRef = 3C0B900126D9036C004D05B2 /* CustomDecodableSerializer.swift */; };
		3C0B900426D9080B004D05B2 /* AbstractRequestFactory.swift in Sources */ = {isa = PBXBuildFile; fileRef = 3C0B900326D9080B004D05B2 /* AbstractRequestFactory.swift */; };
		3C0B900626D9092B004D05B2 /* RequestRouter.swift in Sources */ = {isa = PBXBuildFile; fileRef = 3C0B900526D9092B004D05B2 /* RequestRouter.swift */; };
		3C0B900926D90DED004D05B2 /* LoginResult.swift in Sources */ = {isa = PBXBuildFile; fileRef = 3C0B900826D90DED004D05B2 /* LoginResult.swift */; };
		3C0B900B26D90E07004D05B2 /* User.swift in Sources */ = {isa = PBXBuildFile; fileRef = 3C0B900A26D90E07004D05B2 /* User.swift */; };
		3C0B900E26D90EC7004D05B2 /* AuthRequestFactory.swift in Sources */ = {isa = PBXBuildFile; fileRef = 3C0B900D26D90EC7004D05B2 /* AuthRequestFactory.swift */; };
		3C0B901026D90F05004D05B2 /* Auth.swift in Sources */ = {isa = PBXBuildFile; fileRef = 3C0B900F26D90F05004D05B2 /* Auth.swift */; };
		3C0B901226D90FD0004D05B2 /* RequestFactory.swift in Sources */ = {isa = PBXBuildFile; fileRef = 3C0B901126D90FD0004D05B2 /* RequestFactory.swift */; };
		3C4454F426DFC8B9006B891D /* ResponseCodableTests.swift in Sources */ = {isa = PBXBuildFile; fileRef = 3C4454F326DFC8B9006B891D /* ResponseCodableTests.swift */; };
		3C51E1B826E2A505007F60C9 /* CatalogProductResult.swift in Sources */ = {isa = PBXBuildFile; fileRef = 3C51E1B726E2A505007F60C9 /* CatalogProductResult.swift */; };
		3C51E1BA26E2A5A1007F60C9 /* ProductResult.swift in Sources */ = {isa = PBXBuildFile; fileRef = 3C51E1B926E2A5A1007F60C9 /* ProductResult.swift */; };
		3C51E1BC26E2A637007F60C9 /* Catalog.swift in Sources */ = {isa = PBXBuildFile; fileRef = 3C51E1BB26E2A637007F60C9 /* Catalog.swift */; };
		3C51E1BF26E2A64F007F60C9 /* CatalogRequestFactory.swift in Sources */ = {isa = PBXBuildFile; fileRef = 3C51E1BE26E2A64F007F60C9 /* CatalogRequestFactory.swift */; };
		3C51E1C126E2A86E007F60C9 /* Product.swift in Sources */ = {isa = PBXBuildFile; fileRef = 3C51E1C026E2A86E007F60C9 /* Product.swift */; };
		3C51E1C326E2A878007F60C9 /* ProductRequestFactory.swift in Sources */ = {isa = PBXBuildFile; fileRef = 3C51E1C226E2A878007F60C9 /* ProductRequestFactory.swift */; };
		3C51E1C626E2A9B2007F60C9 /* AuthTests.swift in Sources */ = {isa = PBXBuildFile; fileRef = 3C51E1C526E2A9B2007F60C9 /* AuthTests.swift */; };
		3C51E1C826E2AE32007F60C9 /* LogoutTests.swift in Sources */ = {isa = PBXBuildFile; fileRef = 3C51E1C726E2AE32007F60C9 /* LogoutTests.swift */; };
		3C51E1CA26E2AEBB007F60C9 /* RegistrationTests.swift in Sources */ = {isa = PBXBuildFile; fileRef = 3C51E1C926E2AEBB007F60C9 /* RegistrationTests.swift */; };
		3C51E1CC26E2AF39007F60C9 /* UpdateUserTests.swift in Sources */ = {isa = PBXBuildFile; fileRef = 3C51E1CB26E2AF39007F60C9 /* UpdateUserTests.swift */; };
		3C51E1CE26E2B00C007F60C9 /* CatalogTests.swift in Sources */ = {isa = PBXBuildFile; fileRef = 3C51E1CD26E2B00C007F60C9 /* CatalogTests.swift */; };
		3C51E1D026E2B087007F60C9 /* ProductTests.swift in Sources */ = {isa = PBXBuildFile; fileRef = 3C51E1CF26E2B087007F60C9 /* ProductTests.swift */; };
		3C63ED9226F08937003DDAE0 /* AddReviewResult.swift in Sources */ = {isa = PBXBuildFile; fileRef = 3C63ED9126F08937003DDAE0 /* AddReviewResult.swift */; };
		3C63ED9526F089F2003DDAE0 /* AddReviewRequestFactory.swift in Sources */ = {isa = PBXBuildFile; fileRef = 3C63ED9426F089F2003DDAE0 /* AddReviewRequestFactory.swift */; };
		3C63ED9726F08AA1003DDAE0 /* AddReview.swift in Sources */ = {isa = PBXBuildFile; fileRef = 3C63ED9626F08AA1003DDAE0 /* AddReview.swift */; };
		3C63ED9B26F08EAD003DDAE0 /* AddReviewTests.swift in Sources */ = {isa = PBXBuildFile; fileRef = 3C63ED9A26F08EAD003DDAE0 /* AddReviewTests.swift */; };
		3C63ED9D26F092AD003DDAE0 /* RemoveReviewResult.swift in Sources */ = {isa = PBXBuildFile; fileRef = 3C63ED9C26F092AD003DDAE0 /* RemoveReviewResult.swift */; };
		3C63EDA226F09383003DDAE0 /* RemoveReviewRequestFactory.swift in Sources */ = {isa = PBXBuildFile; fileRef = 3C63EDA126F09383003DDAE0 /* RemoveReviewRequestFactory.swift */; };
		3C63EDA426F093CF003DDAE0 /* RemoveReview.swift in Sources */ = {isa = PBXBuildFile; fileRef = 3C63EDA326F093CF003DDAE0 /* RemoveReview.swift */; };
		3C63EDA626F0983C003DDAE0 /* RemoveReviewTests.swift in Sources */ = {isa = PBXBuildFile; fileRef = 3C63EDA526F0983C003DDAE0 /* RemoveReviewTests.swift */; };
		3C63EDA926F0A91C003DDAE0 /* AllReviewsResult.swift in Sources */ = {isa = PBXBuildFile; fileRef = 3C63EDA826F0A91C003DDAE0 /* AllReviewsResult.swift */; };
		3C63EDAB26F0AA1E003DDAE0 /* AllReviewsRequestFactory.swift in Sources */ = {isa = PBXBuildFile; fileRef = 3C63EDAA26F0AA1E003DDAE0 /* AllReviewsRequestFactory.swift */; };
		3C63EDAD26F0AA70003DDAE0 /* AllReviews.swift in Sources */ = {isa = PBXBuildFile; fileRef = 3C63EDAC26F0AA70003DDAE0 /* AllReviews.swift */; };
		3C63EDAF26F0ACA6003DDAE0 /* AllReviewsTests.swift in Sources */ = {isa = PBXBuildFile; fileRef = 3C63EDAE26F0ACA6003DDAE0 /* AllReviewsTests.swift */; };
		3C68DB2D26F4C2A200C94E08 /* AddProductToBasketResult.swift in Sources */ = {isa = PBXBuildFile; fileRef = 3C68DB2C26F4C2A200C94E08 /* AddProductToBasketResult.swift */; };
		3C68DB3026F4C2FC00C94E08 /* AddProductToBasketRequestFactory.swift in Sources */ = {isa = PBXBuildFile; fileRef = 3C68DB2F26F4C2FC00C94E08 /* AddProductToBasketRequestFactory.swift */; };
		3C68DB3226F4C3A400C94E08 /* AddProductToBasket.swift in Sources */ = {isa = PBXBuildFile; fileRef = 3C68DB3126F4C3A400C94E08 /* AddProductToBasket.swift */; };
		3C68DB3426F4C7A000C94E08 /* DeleteProductFromBasketResult.swift in Sources */ = {isa = PBXBuildFile; fileRef = 3C68DB3326F4C7A000C94E08 /* DeleteProductFromBasketResult.swift */; };
		3C68DB3726F4C7F100C94E08 /* DeleteProductFromBasketRequestFactory.swift in Sources */ = {isa = PBXBuildFile; fileRef = 3C68DB3626F4C7F100C94E08 /* DeleteProductFromBasketRequestFactory.swift */; };
		3C68DB3926F4C88700C94E08 /* DeleteProductFromBasket.swift in Sources */ = {isa = PBXBuildFile; fileRef = 3C68DB3826F4C88700C94E08 /* DeleteProductFromBasket.swift */; };
		3C68DB3B26F4DF8200C94E08 /* AddProductToBasketTests.swift in Sources */ = {isa = PBXBuildFile; fileRef = 3C68DB3A26F4DF8200C94E08 /* AddProductToBasketTests.swift */; };
		3C68DB3D26F4E10200C94E08 /* DeleteProductFromBasketTests.swift in Sources */ = {isa = PBXBuildFile; fileRef = 3C68DB3C26F4E10200C94E08 /* DeleteProductFromBasketTests.swift */; };
		3C70C81526FB5F7C00440844 /* PayBasketResult.swift in Sources */ = {isa = PBXBuildFile; fileRef = 3C70C81426FB5F7C00440844 /* PayBasketResult.swift */; };
		3C70C81826FB602900440844 /* PayBasketRequestFactory.swift in Sources */ = {isa = PBXBuildFile; fileRef = 3C70C81726FB602900440844 /* PayBasketRequestFactory.swift */; };
		3C70C81A26FB607200440844 /* PayBasket.swift in Sources */ = {isa = PBXBuildFile; fileRef = 3C70C81926FB607200440844 /* PayBasket.swift */; };
		3C70C81C26FB636000440844 /* PayBasketTests.swift in Sources */ = {isa = PBXBuildFile; fileRef = 3C70C81B26FB636000440844 /* PayBasketTests.swift */; };
		3C73821B26FF4EC600132AAA /* UserInformationViewController.swift in Sources */ = {isa = PBXBuildFile; fileRef = 3C73821A26FF4EC600132AAA /* UserInformationViewController.swift */; };
		3C73821D26FF645000132AAA /* TestViewController.swift in Sources */ = {isa = PBXBuildFile; fileRef = 3C73821C26FF645000132AAA /* TestViewController.swift */; };
		3C73821F26FF646100132AAA /* Test2ViewController.swift in Sources */ = {isa = PBXBuildFile; fileRef = 3C73821E26FF646100132AAA /* Test2ViewController.swift */; };
		3C73822126FF64B500132AAA /* MainTabBarController.swift in Sources */ = {isa = PBXBuildFile; fileRef = 3C73822026FF64B500132AAA /* MainTabBarController.swift */; };
		3C84C12C26FF113600AC287C /* RegistrationViewController.swift in Sources */ = {isa = PBXBuildFile; fileRef = 3C84C12B26FF113600AC287C /* RegistrationViewController.swift */; };
		3C84C12E26FF12B900AC287C /* UISegmentControl + Extensions.swift in Sources */ = {isa = PBXBuildFile; fileRef = 3C84C12D26FF12B900AC287C /* UISegmentControl + Extensions.swift */; };
		3C9A58DC26D7BC1300A29BE4 /* AppDelegate.swift in Sources */ = {isa = PBXBuildFile; fileRef = 3C9A58DB26D7BC1300A29BE4 /* AppDelegate.swift */; };
		3C9A58DE26D7BC1300A29BE4 /* SceneDelegate.swift in Sources */ = {isa = PBXBuildFile; fileRef = 3C9A58DD26D7BC1300A29BE4 /* SceneDelegate.swift */; };
		3C9A58E526D7BC1500A29BE4 /* Assets.xcassets in Resources */ = {isa = PBXBuildFile; fileRef = 3C9A58E426D7BC1500A29BE4 /* Assets.xcassets */; };
		3C9A58E826D7BC1500A29BE4 /* LaunchScreen.storyboard in Resources */ = {isa = PBXBuildFile; fileRef = 3C9A58E626D7BC1500A29BE4 /* LaunchScreen.storyboard */; };
		3C9A58F326D7BC1600A29BE4 /* GBShopTests.swift in Sources */ = {isa = PBXBuildFile; fileRef = 3C9A58F226D7BC1600A29BE4 /* GBShopTests.swift */; };
		3C9A58FE26D7BC1600A29BE4 /* GBShopUITests.swift in Sources */ = {isa = PBXBuildFile; fileRef = 3C9A58FD26D7BC1600A29BE4 /* GBShopUITests.swift */; };
		3C9A591426D7BE4800A29BE4 /* LoginViewController.swift in Sources */ = {isa = PBXBuildFile; fileRef = 3C9A591326D7BE4800A29BE4 /* LoginViewController.swift */; };
		3C9A591726D7EAFA00A29BE4 /* AbstractErrorParser.swift in Sources */ = {isa = PBXBuildFile; fileRef = 3C9A591626D7EAFA00A29BE4 /* AbstractErrorParser.swift */; };
		3C9E437F26DA96CE00330B8D /* LogoutResult.swift in Sources */ = {isa = PBXBuildFile; fileRef = 3C9E437E26DA96CE00330B8D /* LogoutResult.swift */; };
		3C9E438726DA98DB00330B8D /* Logout.swift in Sources */ = {isa = PBXBuildFile; fileRef = 3C9E438626DA98DB00330B8D /* Logout.swift */; };
		3C9E438B26DA999100330B8D /* LogoutRequestFactory.swift in Sources */ = {isa = PBXBuildFile; fileRef = 3C9E438A26DA999100330B8D /* LogoutRequestFactory.swift */; };
		3C9E438E26DA9DC200330B8D /* RegistrationResult.swift in Sources */ = {isa = PBXBuildFile; fileRef = 3C9E438D26DA9DC200330B8D /* RegistrationResult.swift */; };
		3C9E439126DA9E4900330B8D /* RegistrationRequestFactory .swift in Sources */ = {isa = PBXBuildFile; fileRef = 3C9E439026DA9E4900330B8D /* RegistrationRequestFactory .swift */; };
		3C9E439326DAA08900330B8D /* Registration.swift in Sources */ = {isa = PBXBuildFile; fileRef = 3C9E439226DAA08900330B8D /* Registration.swift */; };
		3C9E439526DAA55200330B8D /* RegistrationData.swift in Sources */ = {isa = PBXBuildFile; fileRef = 3C9E439426DAA55200330B8D /* RegistrationData.swift */; };
		3C9E439726DAA57900330B8D /* Gender.swift in Sources */ = {isa = PBXBuildFile; fileRef = 3C9E439626DAA57900330B8D /* Gender.swift */; };
		3C9E439B26DAA6F500330B8D /* UpdateUserResult.swift in Sources */ = {isa = PBXBuildFile; fileRef = 3C9E439A26DAA6F500330B8D /* UpdateUserResult.swift */; };
		3C9E439D26DAA74700330B8D /* UpdateUserData.swift in Sources */ = {isa = PBXBuildFile; fileRef = 3C9E439C26DAA74700330B8D /* UpdateUserData.swift */; };
		3C9E43A026DAA84500330B8D /* UpdateUserRequestFactory.swift in Sources */ = {isa = PBXBuildFile; fileRef = 3C9E439F26DAA84500330B8D /* UpdateUserRequestFactory.swift */; };
		3C9E43A226DAA8BC00330B8D /* UpdateUser.swift in Sources */ = {isa = PBXBuildFile; fileRef = 3C9E43A126DAA8BC00330B8D /* UpdateUser.swift */; };
		3CB075D82701B0A2005F2447 /* CustomAlertViewController.swift in Sources */ = {isa = PBXBuildFile; fileRef = 3CB075D72701B0A2005F2447 /* CustomAlertViewController.swift */; };
		3CB075DA2701B939005F2447 /* CustomAlertViewController2.swift in Sources */ = {isa = PBXBuildFile; fileRef = 3CB075D92701B939005F2447 /* CustomAlertViewController2.swift */; };
		3CC6D5E92701EF6400B60AA3 /* BlurOverLabelView.swift in Sources */ = {isa = PBXBuildFile; fileRef = 3CC6D5E82701EF6400B60AA3 /* BlurOverLabelView.swift */; };
		3CC6D5EB2701FAC900B60AA3 /* BlurredLabel.swift in Sources */ = {isa = PBXBuildFile; fileRef = 3CC6D5EA2701FAC900B60AA3 /* BlurredLabel.swift */; };
		3CFC076C270073C300904600 /* Colors.swift in Sources */ = {isa = PBXBuildFile; fileRef = 3CFC076B270073C300904600 /* Colors.swift */; };
		3CFC07AA27007C9900904600 /* GBShopStandardTextField.swift in Sources */ = {isa = PBXBuildFile; fileRef = 3CFC07A927007C9900904600 /* GBShopStandardTextField.swift */; };
		CBBB7423026760A13357AAB3 /* Pods_GBShop_GBShopUITests.framework in Frameworks */ = {isa = PBXBuildFile; fileRef = 1BEB5955F095FFBFF468AEB4 /* Pods_GBShop_GBShopUITests.framework */; };
		E52C1D0692237621615DFB24 /* Pods_GBShopTests.framework in Frameworks */ = {isa = PBXBuildFile; fileRef = 6F9C070AEB2D568B8A7F559D /* Pods_GBShopTests.framework */; };
/* End PBXBuildFile section */

/* Begin PBXContainerItemProxy section */
		3C9A58EF26D7BC1600A29BE4 /* PBXContainerItemProxy */ = {
			isa = PBXContainerItemProxy;
			containerPortal = 3C9A58D026D7BC1300A29BE4 /* Project object */;
			proxyType = 1;
			remoteGlobalIDString = 3C9A58D726D7BC1300A29BE4;
			remoteInfo = GBShop;
		};
		3C9A58FA26D7BC1600A29BE4 /* PBXContainerItemProxy */ = {
			isa = PBXContainerItemProxy;
			containerPortal = 3C9A58D026D7BC1300A29BE4 /* Project object */;
			proxyType = 1;
			remoteGlobalIDString = 3C9A58D726D7BC1300A29BE4;
			remoteInfo = GBShop;
		};
/* End PBXContainerItemProxy section */

/* Begin PBXFileReference section */
		1BEB5955F095FFBFF468AEB4 /* Pods_GBShop_GBShopUITests.framework */ = {isa = PBXFileReference; explicitFileType = wrapper.framework; includeInIndex = 0; path = Pods_GBShop_GBShopUITests.framework; sourceTree = BUILT_PRODUCTS_DIR; };
		2B8633B91D006F2CBE073480 /* Pods-GBShopTests.release.xcconfig */ = {isa = PBXFileReference; includeInIndex = 1; lastKnownFileType = text.xcconfig; name = "Pods-GBShopTests.release.xcconfig"; path = "Target Support Files/Pods-GBShopTests/Pods-GBShopTests.release.xcconfig"; sourceTree = "<group>"; };
		3C07DC8226FE125F00494876 /* UIButton + Extensions.swift */ = {isa = PBXFileReference; lastKnownFileType = sourcecode.swift; path = "UIButton + Extensions.swift"; sourceTree = "<group>"; };
		3C0B8FFF26D8F119004D05B2 /* ErrorParser.swift */ = {isa = PBXFileReference; lastKnownFileType = sourcecode.swift; path = ErrorParser.swift; sourceTree = "<group>"; };
		3C0B900126D9036C004D05B2 /* CustomDecodableSerializer.swift */ = {isa = PBXFileReference; lastKnownFileType = sourcecode.swift; path = CustomDecodableSerializer.swift; sourceTree = "<group>"; };
		3C0B900326D9080B004D05B2 /* AbstractRequestFactory.swift */ = {isa = PBXFileReference; lastKnownFileType = sourcecode.swift; path = AbstractRequestFactory.swift; sourceTree = "<group>"; };
		3C0B900526D9092B004D05B2 /* RequestRouter.swift */ = {isa = PBXFileReference; lastKnownFileType = sourcecode.swift; path = RequestRouter.swift; sourceTree = "<group>"; };
		3C0B900826D90DED004D05B2 /* LoginResult.swift */ = {isa = PBXFileReference; lastKnownFileType = sourcecode.swift; path = LoginResult.swift; sourceTree = "<group>"; };
		3C0B900A26D90E07004D05B2 /* User.swift */ = {isa = PBXFileReference; lastKnownFileType = sourcecode.swift; path = User.swift; sourceTree = "<group>"; };
		3C0B900D26D90EC7004D05B2 /* AuthRequestFactory.swift */ = {isa = PBXFileReference; lastKnownFileType = sourcecode.swift; path = AuthRequestFactory.swift; sourceTree = "<group>"; };
		3C0B900F26D90F05004D05B2 /* Auth.swift */ = {isa = PBXFileReference; lastKnownFileType = sourcecode.swift; path = Auth.swift; sourceTree = "<group>"; };
		3C0B901126D90FD0004D05B2 /* RequestFactory.swift */ = {isa = PBXFileReference; lastKnownFileType = sourcecode.swift; path = RequestFactory.swift; sourceTree = "<group>"; };
		3C4454F326DFC8B9006B891D /* ResponseCodableTests.swift */ = {isa = PBXFileReference; lastKnownFileType = sourcecode.swift; path = ResponseCodableTests.swift; sourceTree = "<group>"; };
		3C51E1B726E2A505007F60C9 /* CatalogProductResult.swift */ = {isa = PBXFileReference; lastKnownFileType = sourcecode.swift; path = CatalogProductResult.swift; sourceTree = "<group>"; };
		3C51E1B926E2A5A1007F60C9 /* ProductResult.swift */ = {isa = PBXFileReference; lastKnownFileType = sourcecode.swift; path = ProductResult.swift; sourceTree = "<group>"; };
		3C51E1BB26E2A637007F60C9 /* Catalog.swift */ = {isa = PBXFileReference; lastKnownFileType = sourcecode.swift; path = Catalog.swift; sourceTree = "<group>"; };
		3C51E1BE26E2A64F007F60C9 /* CatalogRequestFactory.swift */ = {isa = PBXFileReference; lastKnownFileType = sourcecode.swift; path = CatalogRequestFactory.swift; sourceTree = "<group>"; };
		3C51E1C026E2A86E007F60C9 /* Product.swift */ = {isa = PBXFileReference; lastKnownFileType = sourcecode.swift; path = Product.swift; sourceTree = "<group>"; };
		3C51E1C226E2A878007F60C9 /* ProductRequestFactory.swift */ = {isa = PBXFileReference; lastKnownFileType = sourcecode.swift; path = ProductRequestFactory.swift; sourceTree = "<group>"; };
		3C51E1C526E2A9B2007F60C9 /* AuthTests.swift */ = {isa = PBXFileReference; lastKnownFileType = sourcecode.swift; path = AuthTests.swift; sourceTree = "<group>"; };
		3C51E1C726E2AE32007F60C9 /* LogoutTests.swift */ = {isa = PBXFileReference; lastKnownFileType = sourcecode.swift; path = LogoutTests.swift; sourceTree = "<group>"; };
		3C51E1C926E2AEBB007F60C9 /* RegistrationTests.swift */ = {isa = PBXFileReference; lastKnownFileType = sourcecode.swift; path = RegistrationTests.swift; sourceTree = "<group>"; };
		3C51E1CB26E2AF39007F60C9 /* UpdateUserTests.swift */ = {isa = PBXFileReference; lastKnownFileType = sourcecode.swift; path = UpdateUserTests.swift; sourceTree = "<group>"; };
		3C51E1CD26E2B00C007F60C9 /* CatalogTests.swift */ = {isa = PBXFileReference; lastKnownFileType = sourcecode.swift; path = CatalogTests.swift; sourceTree = "<group>"; };
		3C51E1CF26E2B087007F60C9 /* ProductTests.swift */ = {isa = PBXFileReference; lastKnownFileType = sourcecode.swift; path = ProductTests.swift; sourceTree = "<group>"; };
		3C63ED9126F08937003DDAE0 /* AddReviewResult.swift */ = {isa = PBXFileReference; lastKnownFileType = sourcecode.swift; path = AddReviewResult.swift; sourceTree = "<group>"; };
		3C63ED9426F089F2003DDAE0 /* AddReviewRequestFactory.swift */ = {isa = PBXFileReference; lastKnownFileType = sourcecode.swift; path = AddReviewRequestFactory.swift; sourceTree = "<group>"; };
		3C63ED9626F08AA1003DDAE0 /* AddReview.swift */ = {isa = PBXFileReference; lastKnownFileType = sourcecode.swift; path = AddReview.swift; sourceTree = "<group>"; };
		3C63ED9A26F08EAD003DDAE0 /* AddReviewTests.swift */ = {isa = PBXFileReference; lastKnownFileType = sourcecode.swift; path = AddReviewTests.swift; sourceTree = "<group>"; };
		3C63ED9C26F092AD003DDAE0 /* RemoveReviewResult.swift */ = {isa = PBXFileReference; lastKnownFileType = sourcecode.swift; path = RemoveReviewResult.swift; sourceTree = "<group>"; };
		3C63EDA126F09383003DDAE0 /* RemoveReviewRequestFactory.swift */ = {isa = PBXFileReference; lastKnownFileType = sourcecode.swift; path = RemoveReviewRequestFactory.swift; sourceTree = "<group>"; };
		3C63EDA326F093CF003DDAE0 /* RemoveReview.swift */ = {isa = PBXFileReference; lastKnownFileType = sourcecode.swift; path = RemoveReview.swift; sourceTree = "<group>"; };
		3C63EDA526F0983C003DDAE0 /* RemoveReviewTests.swift */ = {isa = PBXFileReference; lastKnownFileType = sourcecode.swift; path = RemoveReviewTests.swift; sourceTree = "<group>"; };
		3C63EDA826F0A91C003DDAE0 /* AllReviewsResult.swift */ = {isa = PBXFileReference; lastKnownFileType = sourcecode.swift; path = AllReviewsResult.swift; sourceTree = "<group>"; };
		3C63EDAA26F0AA1E003DDAE0 /* AllReviewsRequestFactory.swift */ = {isa = PBXFileReference; lastKnownFileType = sourcecode.swift; path = AllReviewsRequestFactory.swift; sourceTree = "<group>"; };
		3C63EDAC26F0AA70003DDAE0 /* AllReviews.swift */ = {isa = PBXFileReference; lastKnownFileType = sourcecode.swift; path = AllReviews.swift; sourceTree = "<group>"; };
		3C63EDAE26F0ACA6003DDAE0 /* AllReviewsTests.swift */ = {isa = PBXFileReference; lastKnownFileType = sourcecode.swift; path = AllReviewsTests.swift; sourceTree = "<group>"; };
		3C68DB2C26F4C2A200C94E08 /* AddProductToBasketResult.swift */ = {isa = PBXFileReference; lastKnownFileType = sourcecode.swift; path = AddProductToBasketResult.swift; sourceTree = "<group>"; };
		3C68DB2F26F4C2FC00C94E08 /* AddProductToBasketRequestFactory.swift */ = {isa = PBXFileReference; lastKnownFileType = sourcecode.swift; path = AddProductToBasketRequestFactory.swift; sourceTree = "<group>"; };
		3C68DB3126F4C3A400C94E08 /* AddProductToBasket.swift */ = {isa = PBXFileReference; lastKnownFileType = sourcecode.swift; path = AddProductToBasket.swift; sourceTree = "<group>"; };
		3C68DB3326F4C7A000C94E08 /* DeleteProductFromBasketResult.swift */ = {isa = PBXFileReference; lastKnownFileType = sourcecode.swift; path = DeleteProductFromBasketResult.swift; sourceTree = "<group>"; };
		3C68DB3626F4C7F100C94E08 /* DeleteProductFromBasketRequestFactory.swift */ = {isa = PBXFileReference; lastKnownFileType = sourcecode.swift; path = DeleteProductFromBasketRequestFactory.swift; sourceTree = "<group>"; };
		3C68DB3826F4C88700C94E08 /* DeleteProductFromBasket.swift */ = {isa = PBXFileReference; lastKnownFileType = sourcecode.swift; path = DeleteProductFromBasket.swift; sourceTree = "<group>"; };
		3C68DB3A26F4DF8200C94E08 /* AddProductToBasketTests.swift */ = {isa = PBXFileReference; lastKnownFileType = sourcecode.swift; path = AddProductToBasketTests.swift; sourceTree = "<group>"; };
		3C68DB3C26F4E10200C94E08 /* DeleteProductFromBasketTests.swift */ = {isa = PBXFileReference; lastKnownFileType = sourcecode.swift; path = DeleteProductFromBasketTests.swift; sourceTree = "<group>"; };
		3C70C81426FB5F7C00440844 /* PayBasketResult.swift */ = {isa = PBXFileReference; lastKnownFileType = sourcecode.swift; path = PayBasketResult.swift; sourceTree = "<group>"; };
		3C70C81726FB602900440844 /* PayBasketRequestFactory.swift */ = {isa = PBXFileReference; lastKnownFileType = sourcecode.swift; path = PayBasketRequestFactory.swift; sourceTree = "<group>"; };
		3C70C81926FB607200440844 /* PayBasket.swift */ = {isa = PBXFileReference; lastKnownFileType = sourcecode.swift; path = PayBasket.swift; sourceTree = "<group>"; };
		3C70C81B26FB636000440844 /* PayBasketTests.swift */ = {isa = PBXFileReference; lastKnownFileType = sourcecode.swift; path = PayBasketTests.swift; sourceTree = "<group>"; };
		3C73821A26FF4EC600132AAA /* UserInformationViewController.swift */ = {isa = PBXFileReference; lastKnownFileType = sourcecode.swift; path = UserInformationViewController.swift; sourceTree = "<group>"; };
		3C73821C26FF645000132AAA /* TestViewController.swift */ = {isa = PBXFileReference; lastKnownFileType = sourcecode.swift; path = TestViewController.swift; sourceTree = "<group>"; };
		3C73821E26FF646100132AAA /* Test2ViewController.swift */ = {isa = PBXFileReference; lastKnownFileType = sourcecode.swift; path = Test2ViewController.swift; sourceTree = "<group>"; };
		3C73822026FF64B500132AAA /* MainTabBarController.swift */ = {isa = PBXFileReference; lastKnownFileType = sourcecode.swift; path = MainTabBarController.swift; sourceTree = "<group>"; };
		3C84C12B26FF113600AC287C /* RegistrationViewController.swift */ = {isa = PBXFileReference; lastKnownFileType = sourcecode.swift; path = RegistrationViewController.swift; sourceTree = "<group>"; };
		3C84C12D26FF12B900AC287C /* UISegmentControl + Extensions.swift */ = {isa = PBXFileReference; lastKnownFileType = sourcecode.swift; path = "UISegmentControl + Extensions.swift"; sourceTree = "<group>"; };
		3C9A58D826D7BC1300A29BE4 /* GBShop.app */ = {isa = PBXFileReference; explicitFileType = wrapper.application; includeInIndex = 0; path = GBShop.app; sourceTree = BUILT_PRODUCTS_DIR; };
		3C9A58DB26D7BC1300A29BE4 /* AppDelegate.swift */ = {isa = PBXFileReference; lastKnownFileType = sourcecode.swift; path = AppDelegate.swift; sourceTree = "<group>"; };
		3C9A58DD26D7BC1300A29BE4 /* SceneDelegate.swift */ = {isa = PBXFileReference; lastKnownFileType = sourcecode.swift; path = SceneDelegate.swift; sourceTree = "<group>"; };
		3C9A58E426D7BC1500A29BE4 /* Assets.xcassets */ = {isa = PBXFileReference; lastKnownFileType = folder.assetcatalog; path = Assets.xcassets; sourceTree = "<group>"; };
		3C9A58E726D7BC1500A29BE4 /* Base */ = {isa = PBXFileReference; lastKnownFileType = file.storyboard; name = Base; path = Base.lproj/LaunchScreen.storyboard; sourceTree = "<group>"; };
		3C9A58E926D7BC1500A29BE4 /* Info.plist */ = {isa = PBXFileReference; lastKnownFileType = text.plist.xml; path = Info.plist; sourceTree = "<group>"; };
		3C9A58EE26D7BC1600A29BE4 /* GBShopTests.xctest */ = {isa = PBXFileReference; explicitFileType = wrapper.cfbundle; includeInIndex = 0; path = GBShopTests.xctest; sourceTree = BUILT_PRODUCTS_DIR; };
		3C9A58F226D7BC1600A29BE4 /* GBShopTests.swift */ = {isa = PBXFileReference; lastKnownFileType = sourcecode.swift; path = GBShopTests.swift; sourceTree = "<group>"; };
		3C9A58F426D7BC1600A29BE4 /* Info.plist */ = {isa = PBXFileReference; lastKnownFileType = text.plist.xml; path = Info.plist; sourceTree = "<group>"; };
		3C9A58F926D7BC1600A29BE4 /* GBShopUITests.xctest */ = {isa = PBXFileReference; explicitFileType = wrapper.cfbundle; includeInIndex = 0; path = GBShopUITests.xctest; sourceTree = BUILT_PRODUCTS_DIR; };
		3C9A58FD26D7BC1600A29BE4 /* GBShopUITests.swift */ = {isa = PBXFileReference; lastKnownFileType = sourcecode.swift; path = GBShopUITests.swift; sourceTree = "<group>"; };
		3C9A58FF26D7BC1600A29BE4 /* Info.plist */ = {isa = PBXFileReference; lastKnownFileType = text.plist.xml; path = Info.plist; sourceTree = "<group>"; };
		3C9A591326D7BE4800A29BE4 /* LoginViewController.swift */ = {isa = PBXFileReference; lastKnownFileType = sourcecode.swift; path = LoginViewController.swift; sourceTree = "<group>"; };
		3C9A591626D7EAFA00A29BE4 /* AbstractErrorParser.swift */ = {isa = PBXFileReference; lastKnownFileType = sourcecode.swift; name = AbstractErrorParser.swift; path = ../../../../../../../../Documents/AbstractErrorParser.swift; sourceTree = "<group>"; };
		3C9E437E26DA96CE00330B8D /* LogoutResult.swift */ = {isa = PBXFileReference; lastKnownFileType = sourcecode.swift; path = LogoutResult.swift; sourceTree = "<group>"; };
		3C9E438626DA98DB00330B8D /* Logout.swift */ = {isa = PBXFileReference; lastKnownFileType = sourcecode.swift; path = Logout.swift; sourceTree = "<group>"; };
		3C9E438A26DA999100330B8D /* LogoutRequestFactory.swift */ = {isa = PBXFileReference; lastKnownFileType = sourcecode.swift; path = LogoutRequestFactory.swift; sourceTree = "<group>"; };
		3C9E438D26DA9DC200330B8D /* RegistrationResult.swift */ = {isa = PBXFileReference; lastKnownFileType = sourcecode.swift; path = RegistrationResult.swift; sourceTree = "<group>"; };
		3C9E439026DA9E4900330B8D /* RegistrationRequestFactory .swift */ = {isa = PBXFileReference; lastKnownFileType = sourcecode.swift; path = "RegistrationRequestFactory .swift"; sourceTree = "<group>"; };
		3C9E439226DAA08900330B8D /* Registration.swift */ = {isa = PBXFileReference; lastKnownFileType = sourcecode.swift; path = Registration.swift; sourceTree = "<group>"; };
		3C9E439426DAA55200330B8D /* RegistrationData.swift */ = {isa = PBXFileReference; lastKnownFileType = sourcecode.swift; path = RegistrationData.swift; sourceTree = "<group>"; };
		3C9E439626DAA57900330B8D /* Gender.swift */ = {isa = PBXFileReference; lastKnownFileType = sourcecode.swift; path = Gender.swift; sourceTree = "<group>"; };
		3C9E439A26DAA6F500330B8D /* UpdateUserResult.swift */ = {isa = PBXFileReference; lastKnownFileType = sourcecode.swift; path = UpdateUserResult.swift; sourceTree = "<group>"; };
		3C9E439C26DAA74700330B8D /* UpdateUserData.swift */ = {isa = PBXFileReference; lastKnownFileType = sourcecode.swift; path = UpdateUserData.swift; sourceTree = "<group>"; };
		3C9E439F26DAA84500330B8D /* UpdateUserRequestFactory.swift */ = {isa = PBXFileReference; lastKnownFileType = sourcecode.swift; path = UpdateUserRequestFactory.swift; sourceTree = "<group>"; };
		3C9E43A126DAA8BC00330B8D /* UpdateUser.swift */ = {isa = PBXFileReference; lastKnownFileType = sourcecode.swift; path = UpdateUser.swift; sourceTree = "<group>"; };
		3CB075D72701B0A2005F2447 /* CustomAlertViewController.swift */ = {isa = PBXFileReference; lastKnownFileType = sourcecode.swift; path = CustomAlertViewController.swift; sourceTree = "<group>"; };
		3CB075D92701B939005F2447 /* CustomAlertViewController2.swift */ = {isa = PBXFileReference; lastKnownFileType = sourcecode.swift; path = CustomAlertViewController2.swift; sourceTree = "<group>"; };
		3CC6D5E82701EF6400B60AA3 /* BlurOverLabelView.swift */ = {isa = PBXFileReference; lastKnownFileType = sourcecode.swift; path = BlurOverLabelView.swift; sourceTree = "<group>"; };
		3CC6D5EA2701FAC900B60AA3 /* BlurredLabel.swift */ = {isa = PBXFileReference; lastKnownFileType = sourcecode.swift; path = BlurredLabel.swift; sourceTree = "<group>"; };
		3CFC076B270073C300904600 /* Colors.swift */ = {isa = PBXFileReference; lastKnownFileType = sourcecode.swift; path = Colors.swift; sourceTree = "<group>"; };
		3CFC07A927007C9900904600 /* GBShopStandardTextField.swift */ = {isa = PBXFileReference; lastKnownFileType = sourcecode.swift; path = GBShopStandardTextField.swift; sourceTree = "<group>"; };
		511D9189274798BC55F052A3 /* Pods-GBShop-GBShopUITests.release.xcconfig */ = {isa = PBXFileReference; includeInIndex = 1; lastKnownFileType = text.xcconfig; name = "Pods-GBShop-GBShopUITests.release.xcconfig"; path = "Target Support Files/Pods-GBShop-GBShopUITests/Pods-GBShop-GBShopUITests.release.xcconfig"; sourceTree = "<group>"; };
		542A8D9973D870E7C8234DD1 /* Pods_GBShop.framework */ = {isa = PBXFileReference; explicitFileType = wrapper.framework; includeInIndex = 0; path = Pods_GBShop.framework; sourceTree = BUILT_PRODUCTS_DIR; };
		6F9C070AEB2D568B8A7F559D /* Pods_GBShopTests.framework */ = {isa = PBXFileReference; explicitFileType = wrapper.framework; includeInIndex = 0; path = Pods_GBShopTests.framework; sourceTree = BUILT_PRODUCTS_DIR; };
		86EEDDA11A03DD794B820112 /* Pods-GBShop.debug.xcconfig */ = {isa = PBXFileReference; includeInIndex = 1; lastKnownFileType = text.xcconfig; name = "Pods-GBShop.debug.xcconfig"; path = "Target Support Files/Pods-GBShop/Pods-GBShop.debug.xcconfig"; sourceTree = "<group>"; };
		A3BA2CF0B3665416B8AD6654 /* Pods-GBShop-GBShopUITests.debug.xcconfig */ = {isa = PBXFileReference; includeInIndex = 1; lastKnownFileType = text.xcconfig; name = "Pods-GBShop-GBShopUITests.debug.xcconfig"; path = "Target Support Files/Pods-GBShop-GBShopUITests/Pods-GBShop-GBShopUITests.debug.xcconfig"; sourceTree = "<group>"; };
		C4297821C01064F7197055F2 /* Pods-GBShopTests.debug.xcconfig */ = {isa = PBXFileReference; includeInIndex = 1; lastKnownFileType = text.xcconfig; name = "Pods-GBShopTests.debug.xcconfig"; path = "Target Support Files/Pods-GBShopTests/Pods-GBShopTests.debug.xcconfig"; sourceTree = "<group>"; };
		D41F3625B39529D8211A118E /* Pods-GBShop.release.xcconfig */ = {isa = PBXFileReference; includeInIndex = 1; lastKnownFileType = text.xcconfig; name = "Pods-GBShop.release.xcconfig"; path = "Target Support Files/Pods-GBShop/Pods-GBShop.release.xcconfig"; sourceTree = "<group>"; };
/* End PBXFileReference section */

/* Begin PBXFrameworksBuildPhase section */
		3C9A58D526D7BC1300A29BE4 /* Frameworks */ = {
			isa = PBXFrameworksBuildPhase;
			buildActionMask = 2147483647;
			files = (
				07E4DDB79F49CF75CA6B0EBF /* Pods_GBShop.framework in Frameworks */,
			);
			runOnlyForDeploymentPostprocessing = 0;
		};
		3C9A58EB26D7BC1600A29BE4 /* Frameworks */ = {
			isa = PBXFrameworksBuildPhase;
			buildActionMask = 2147483647;
			files = (
				E52C1D0692237621615DFB24 /* Pods_GBShopTests.framework in Frameworks */,
			);
			runOnlyForDeploymentPostprocessing = 0;
		};
		3C9A58F626D7BC1600A29BE4 /* Frameworks */ = {
			isa = PBXFrameworksBuildPhase;
			buildActionMask = 2147483647;
			files = (
				CBBB7423026760A13357AAB3 /* Pods_GBShop_GBShopUITests.framework in Frameworks */,
			);
			runOnlyForDeploymentPostprocessing = 0;
		};
/* End PBXFrameworksBuildPhase section */

/* Begin PBXGroup section */
		25892BDB9D96FDF8D5C41818 /* Frameworks */ = {
			isa = PBXGroup;
			children = (
				542A8D9973D870E7C8234DD1 /* Pods_GBShop.framework */,
				1BEB5955F095FFBFF468AEB4 /* Pods_GBShop_GBShopUITests.framework */,
				6F9C070AEB2D568B8A7F559D /* Pods_GBShopTests.framework */,
			);
			name = Frameworks;
			sourceTree = "<group>";
		};
		3C037C1926FDB24E0066D4BD /* Extensions */ = {
			isa = PBXGroup;
			children = (
				3CFC07A927007C9900904600 /* GBShopStandardTextField.swift */,
				3C07DC8226FE125F00494876 /* UIButton + Extensions.swift */,
				3C84C12D26FF12B900AC287C /* UISegmentControl + Extensions.swift */,
				3CC6D5E82701EF6400B60AA3 /* BlurOverLabelView.swift */,
				3CC6D5EA2701FAC900B60AA3 /* BlurredLabel.swift */,
				3CFC076B270073C300904600 /* Colors.swift */,
			);
			path = Extensions;
			sourceTree = "<group>";
		};
		3C0B900C26D90EA0004D05B2 /* Network */ = {
			isa = PBXGroup;
			children = (
				3C0B901126D90FD0004D05B2 /* RequestFactory.swift */,
				3C9E438126DA97CC00330B8D /* Auth */,
				3C9E438826DA98EC00330B8D /* Logout */,
				3C9E438F26DA9E1700330B8D /* Registration */,
				3C9E439E26DAA81F00330B8D /* UpdateUser */,
				3C51E1BD26E2A63E007F60C9 /* Catalog */,
				3C51E1C426E2A87E007F60C9 /* Product */,
				3C63ED9326F089D4003DDAE0 /* AddReview */,
				3C63EDA026F09361003DDAE0 /* RemoveReview */,
				3C63EDA726F0A8FA003DDAE0 /* AllReviews */,
				3C68DB2E26F4C2E100C94E08 /* AddProductToBasket */,
				3C68DB3526F4C7D600C94E08 /* DeleteProductFromBasket */,
				3C70C81626FB600C00440844 /* PayBasket */,
			);
			path = Network;
			sourceTree = "<group>";
		};
		3C51E1B526E2A4C7007F60C9 /* CatagolProduct */ = {
			isa = PBXGroup;
			children = (
				3C51E1B726E2A505007F60C9 /* CatalogProductResult.swift */,
			);
			path = CatagolProduct;
			sourceTree = "<group>";
		};
		3C51E1B626E2A4DB007F60C9 /* Product */ = {
			isa = PBXGroup;
			children = (
				3C51E1B926E2A5A1007F60C9 /* ProductResult.swift */,
			);
			path = Product;
			sourceTree = "<group>";
		};
		3C51E1BD26E2A63E007F60C9 /* Catalog */ = {
			isa = PBXGroup;
			children = (
				3C51E1BB26E2A637007F60C9 /* Catalog.swift */,
				3C51E1BE26E2A64F007F60C9 /* CatalogRequestFactory.swift */,
			);
			path = Catalog;
			sourceTree = "<group>";
		};
		3C51E1C426E2A87E007F60C9 /* Product */ = {
			isa = PBXGroup;
			children = (
				3C51E1C026E2A86E007F60C9 /* Product.swift */,
				3C51E1C226E2A878007F60C9 /* ProductRequestFactory.swift */,
			);
			path = Product;
			sourceTree = "<group>";
		};
		3C63ED9026F085F1003DDAE0 /* Review */ = {
			isa = PBXGroup;
			children = (
				3C63ED9126F08937003DDAE0 /* AddReviewResult.swift */,
				3C63ED9C26F092AD003DDAE0 /* RemoveReviewResult.swift */,
				3C63EDA826F0A91C003DDAE0 /* AllReviewsResult.swift */,
			);
			path = Review;
			sourceTree = "<group>";
		};
		3C63ED9326F089D4003DDAE0 /* AddReview */ = {
			isa = PBXGroup;
			children = (
				3C63ED9426F089F2003DDAE0 /* AddReviewRequestFactory.swift */,
				3C63ED9626F08AA1003DDAE0 /* AddReview.swift */,
			);
			path = AddReview;
			sourceTree = "<group>";
		};
		3C63ED9E26F0930D003DDAE0 /* Auth */ = {
			isa = PBXGroup;
			children = (
				3C9E438226DA97DF00330B8D /* Login */,
				3C9E438326DA97EA00330B8D /* Logout */,
				3C9E438C26DA9D8D00330B8D /* Registration */,
			);
			path = Auth;
			sourceTree = "<group>";
		};
		3C63ED9F26F09323003DDAE0 /* Basket */ = {
			isa = PBXGroup;
			children = (
				3C68DB2C26F4C2A200C94E08 /* AddProductToBasketResult.swift */,
				3C68DB3326F4C7A000C94E08 /* DeleteProductFromBasketResult.swift */,
				3C70C81426FB5F7C00440844 /* PayBasketResult.swift */,
			);
			path = Basket;
			sourceTree = "<group>";
		};
		3C63EDA026F09361003DDAE0 /* RemoveReview */ = {
			isa = PBXGroup;
			children = (
				3C63EDA126F09383003DDAE0 /* RemoveReviewRequestFactory.swift */,
				3C63EDA326F093CF003DDAE0 /* RemoveReview.swift */,
			);
			path = RemoveReview;
			sourceTree = "<group>";
		};
		3C63EDA726F0A8FA003DDAE0 /* AllReviews */ = {
			isa = PBXGroup;
			children = (
				3C63EDAA26F0AA1E003DDAE0 /* AllReviewsRequestFactory.swift */,
				3C63EDAC26F0AA70003DDAE0 /* AllReviews.swift */,
			);
			path = AllReviews;
			sourceTree = "<group>";
		};
		3C68DB2E26F4C2E100C94E08 /* AddProductToBasket */ = {
			isa = PBXGroup;
			children = (
				3C68DB2F26F4C2FC00C94E08 /* AddProductToBasketRequestFactory.swift */,
				3C68DB3126F4C3A400C94E08 /* AddProductToBasket.swift */,
			);
			path = AddProductToBasket;
			sourceTree = "<group>";
		};
		3C68DB3526F4C7D600C94E08 /* DeleteProductFromBasket */ = {
			isa = PBXGroup;
			children = (
				3C68DB3626F4C7F100C94E08 /* DeleteProductFromBasketRequestFactory.swift */,
				3C68DB3826F4C88700C94E08 /* DeleteProductFromBasket.swift */,
			);
			path = DeleteProductFromBasket;
			sourceTree = "<group>";
		};
		3C70C81626FB600C00440844 /* PayBasket */ = {
			isa = PBXGroup;
			children = (
				3C70C81726FB602900440844 /* PayBasketRequestFactory.swift */,
				3C70C81926FB607200440844 /* PayBasket.swift */,
			);
			path = PayBasket;
			sourceTree = "<group>";
		};
		3C9A58CF26D7BC1300A29BE4 = {
			isa = PBXGroup;
			children = (
				3C9A58DA26D7BC1300A29BE4 /* GBShop */,
				3C9A58D926D7BC1300A29BE4 /* Products */,
				3C9A58F126D7BC1600A29BE4 /* GBShopTests */,
				3C9A58FC26D7BC1600A29BE4 /* GBShopUITests */,
				C51D28ABB778EA4A6550CDA4 /* Pods */,
				25892BDB9D96FDF8D5C41818 /* Frameworks */,
			);
			sourceTree = "<group>";
		};
		3C9A58D926D7BC1300A29BE4 /* Products */ = {
			isa = PBXGroup;
			children = (
				3C9A58D826D7BC1300A29BE4 /* GBShop.app */,
				3C9A58EE26D7BC1600A29BE4 /* GBShopTests.xctest */,
				3C9A58F926D7BC1600A29BE4 /* GBShopUITests.xctest */,
			);
			name = Products;
			sourceTree = "<group>";
		};
		3C9A58DA26D7BC1300A29BE4 /* GBShop */ = {
			isa = PBXGroup;
			children = (
				3C9A590B26D7BC5F00A29BE4 /* App */,
				3C9A591026D7BCCF00A29BE4 /* Core */,
				3C9A591226D7BCEC00A29BE4 /* Environments */,
				3C9A591126D7BCDB00A29BE4 /* Resources */,
				3C037C1926FDB24E0066D4BD /* Extensions */,
				3C9A591326D7BE4800A29BE4 /* LoginViewController.swift */,
				3C84C12B26FF113600AC287C /* RegistrationViewController.swift */,
				3C73821A26FF4EC600132AAA /* UserInformationViewController.swift */,
				3C73822026FF64B500132AAA /* MainTabBarController.swift */,
				3CB075D72701B0A2005F2447 /* CustomAlertViewController.swift */,
				3CB075D92701B939005F2447 /* CustomAlertViewController2.swift */,
				3C73821C26FF645000132AAA /* TestViewController.swift */,
				3C73821E26FF646100132AAA /* Test2ViewController.swift */,
			);
			path = GBShop;
			sourceTree = "<group>";
		};
		3C9A58F126D7BC1600A29BE4 /* GBShopTests */ = {
			isa = PBXGroup;
			children = (
				3C9A58F226D7BC1600A29BE4 /* GBShopTests.swift */,
				3C4454F326DFC8B9006B891D /* ResponseCodableTests.swift */,
				3C51E1C526E2A9B2007F60C9 /* AuthTests.swift */,
				3C51E1C726E2AE32007F60C9 /* LogoutTests.swift */,
				3C51E1C926E2AEBB007F60C9 /* RegistrationTests.swift */,
				3C51E1CB26E2AF39007F60C9 /* UpdateUserTests.swift */,
				3C51E1CD26E2B00C007F60C9 /* CatalogTests.swift */,
				3C63ED9A26F08EAD003DDAE0 /* AddReviewTests.swift */,
				3C63EDA526F0983C003DDAE0 /* RemoveReviewTests.swift */,
				3C63EDAE26F0ACA6003DDAE0 /* AllReviewsTests.swift */,
				3C68DB3A26F4DF8200C94E08 /* AddProductToBasketTests.swift */,
				3C68DB3C26F4E10200C94E08 /* DeleteProductFromBasketTests.swift */,
				3C70C81B26FB636000440844 /* PayBasketTests.swift */,
				3C9A58F426D7BC1600A29BE4 /* Info.plist */,
				3C51E1CF26E2B087007F60C9 /* ProductTests.swift */,
			);
			path = GBShopTests;
			sourceTree = "<group>";
		};
		3C9A58FC26D7BC1600A29BE4 /* GBShopUITests */ = {
			isa = PBXGroup;
			children = (
				3C9A58FD26D7BC1600A29BE4 /* GBShopUITests.swift */,
				3C9A58FF26D7BC1600A29BE4 /* Info.plist */,
			);
			path = GBShopUITests;
			sourceTree = "<group>";
		};
		3C9A590B26D7BC5F00A29BE4 /* App */ = {
			isa = PBXGroup;
			children = (
				3C9A58DB26D7BC1300A29BE4 /* AppDelegate.swift */,
				3C9A58DD26D7BC1300A29BE4 /* SceneDelegate.swift */,
				3C9A590C26D7BC6A00A29BE4 /* BusinessLogic */,
				3C9A590F26D7BC8B00A29BE4 /* Entity */,
				3C9A590E26D7BC8A00A29BE4 /* Assembly */,
				3C9A590D26D7BC8700A29BE4 /* Flows */,
			);
			path = App;
			sourceTree = "<group>";
		};
		3C9A590C26D7BC6A00A29BE4 /* BusinessLogic */ = {
			isa = PBXGroup;
			children = (
				3C0B900C26D90EA0004D05B2 /* Network */,
			);
			path = BusinessLogic;
			sourceTree = "<group>";
		};
		3C9A590D26D7BC8700A29BE4 /* Flows */ = {
			isa = PBXGroup;
			children = (
			);
			path = Flows;
			sourceTree = "<group>";
		};
		3C9A590E26D7BC8A00A29BE4 /* Assembly */ = {
			isa = PBXGroup;
			children = (
			);
			path = Assembly;
			sourceTree = "<group>";
		};
		3C9A590F26D7BC8B00A29BE4 /* Entity */ = {
			isa = PBXGroup;
			children = (
				3C63ED9E26F0930D003DDAE0 /* Auth */,
				3C51E1B626E2A4DB007F60C9 /* Product */,
				3C51E1B526E2A4C7007F60C9 /* CatagolProduct */,
				3C9E439926DAA6A800330B8D /* UpdateUser */,
				3C63ED9026F085F1003DDAE0 /* Review */,
				3C63ED9F26F09323003DDAE0 /* Basket */,
				3C9E439826DAA57D00330B8D /* Gender */,
			);
			path = Entity;
			sourceTree = "<group>";
		};
		3C9A591026D7BCCF00A29BE4 /* Core */ = {
			isa = PBXGroup;
			children = (
				3C9A591526D7EAC000A29BE4 /* Network */,
			);
			path = Core;
			sourceTree = "<group>";
		};
		3C9A591126D7BCDB00A29BE4 /* Resources */ = {
			isa = PBXGroup;
			children = (
				3C9A58E426D7BC1500A29BE4 /* Assets.xcassets */,
				3C9A58E626D7BC1500A29BE4 /* LaunchScreen.storyboard */,
			);
			path = Resources;
			sourceTree = "<group>";
		};
		3C9A591226D7BCEC00A29BE4 /* Environments */ = {
			isa = PBXGroup;
			children = (
				3C9A58E926D7BC1500A29BE4 /* Info.plist */,
			);
			path = Environments;
			sourceTree = "<group>";
		};
		3C9A591526D7EAC000A29BE4 /* Network */ = {
			isa = PBXGroup;
			children = (
				3C9A591626D7EAFA00A29BE4 /* AbstractErrorParser.swift */,
				3C0B8FFF26D8F119004D05B2 /* ErrorParser.swift */,
				3C0B900126D9036C004D05B2 /* CustomDecodableSerializer.swift */,
				3C0B900326D9080B004D05B2 /* AbstractRequestFactory.swift */,
				3C0B900526D9092B004D05B2 /* RequestRouter.swift */,
			);
			path = Network;
			sourceTree = "<group>";
		};
		3C9E438126DA97CC00330B8D /* Auth */ = {
			isa = PBXGroup;
			children = (
				3C0B900D26D90EC7004D05B2 /* AuthRequestFactory.swift */,
				3C0B900F26D90F05004D05B2 /* Auth.swift */,
			);
			path = Auth;
			sourceTree = "<group>";
		};
		3C9E438226DA97DF00330B8D /* Login */ = {
			isa = PBXGroup;
			children = (
				3C0B900826D90DED004D05B2 /* LoginResult.swift */,
				3C0B900A26D90E07004D05B2 /* User.swift */,
			);
			path = Login;
			sourceTree = "<group>";
		};
		3C9E438326DA97EA00330B8D /* Logout */ = {
			isa = PBXGroup;
			children = (
				3C9E437E26DA96CE00330B8D /* LogoutResult.swift */,
			);
			path = Logout;
			sourceTree = "<group>";
		};
		3C9E438826DA98EC00330B8D /* Logout */ = {
			isa = PBXGroup;
			children = (
				3C9E438A26DA999100330B8D /* LogoutRequestFactory.swift */,
				3C9E438626DA98DB00330B8D /* Logout.swift */,
			);
			path = Logout;
			sourceTree = "<group>";
		};
		3C9E438C26DA9D8D00330B8D /* Registration */ = {
			isa = PBXGroup;
			children = (
				3C9E438D26DA9DC200330B8D /* RegistrationResult.swift */,
				3C9E439426DAA55200330B8D /* RegistrationData.swift */,
			);
			path = Registration;
			sourceTree = "<group>";
		};
		3C9E438F26DA9E1700330B8D /* Registration */ = {
			isa = PBXGroup;
			children = (
				3C9E439026DA9E4900330B8D /* RegistrationRequestFactory .swift */,
				3C9E439226DAA08900330B8D /* Registration.swift */,
			);
			path = Registration;
			sourceTree = "<group>";
		};
		3C9E439826DAA57D00330B8D /* Gender */ = {
			isa = PBXGroup;
			children = (
				3C9E439626DAA57900330B8D /* Gender.swift */,
			);
			path = Gender;
			sourceTree = "<group>";
		};
		3C9E439926DAA6A800330B8D /* UpdateUser */ = {
			isa = PBXGroup;
			children = (
				3C9E439A26DAA6F500330B8D /* UpdateUserResult.swift */,
				3C9E439C26DAA74700330B8D /* UpdateUserData.swift */,
			);
			path = UpdateUser;
			sourceTree = "<group>";
		};
		3C9E439E26DAA81F00330B8D /* UpdateUser */ = {
			isa = PBXGroup;
			children = (
				3C9E439F26DAA84500330B8D /* UpdateUserRequestFactory.swift */,
				3C9E43A126DAA8BC00330B8D /* UpdateUser.swift */,
			);
			path = UpdateUser;
			sourceTree = "<group>";
		};
		C51D28ABB778EA4A6550CDA4 /* Pods */ = {
			isa = PBXGroup;
			children = (
				86EEDDA11A03DD794B820112 /* Pods-GBShop.debug.xcconfig */,
				D41F3625B39529D8211A118E /* Pods-GBShop.release.xcconfig */,
				A3BA2CF0B3665416B8AD6654 /* Pods-GBShop-GBShopUITests.debug.xcconfig */,
				511D9189274798BC55F052A3 /* Pods-GBShop-GBShopUITests.release.xcconfig */,
				C4297821C01064F7197055F2 /* Pods-GBShopTests.debug.xcconfig */,
				2B8633B91D006F2CBE073480 /* Pods-GBShopTests.release.xcconfig */,
			);
			path = Pods;
			sourceTree = "<group>";
		};
/* End PBXGroup section */

/* Begin PBXNativeTarget section */
		3C9A58D726D7BC1300A29BE4 /* GBShop */ = {
			isa = PBXNativeTarget;
			buildConfigurationList = 3C9A590226D7BC1600A29BE4 /* Build configuration list for PBXNativeTarget "GBShop" */;
			buildPhases = (
				5C8E9E58F083AFB258F16D29 /* [CP] Check Pods Manifest.lock */,
				3C9A58D426D7BC1300A29BE4 /* Sources */,
				3C9A58D526D7BC1300A29BE4 /* Frameworks */,
				3C9A58D626D7BC1300A29BE4 /* Resources */,
				0693E270688BCE62F5DADD37 /* [CP] Embed Pods Frameworks */,
			);
			buildRules = (
			);
			dependencies = (
			);
			name = GBShop;
			productName = GBShop;
			productReference = 3C9A58D826D7BC1300A29BE4 /* GBShop.app */;
			productType = "com.apple.product-type.application";
		};
		3C9A58ED26D7BC1600A29BE4 /* GBShopTests */ = {
			isa = PBXNativeTarget;
			buildConfigurationList = 3C9A590526D7BC1600A29BE4 /* Build configuration list for PBXNativeTarget "GBShopTests" */;
			buildPhases = (
				FB4BF98190B58DB947D2AC64 /* [CP] Check Pods Manifest.lock */,
				3C9A58EA26D7BC1600A29BE4 /* Sources */,
				3C9A58EB26D7BC1600A29BE4 /* Frameworks */,
				3C9A58EC26D7BC1600A29BE4 /* Resources */,
			);
			buildRules = (
			);
			dependencies = (
				3C9A58F026D7BC1600A29BE4 /* PBXTargetDependency */,
			);
			name = GBShopTests;
			productName = GBShopTests;
			productReference = 3C9A58EE26D7BC1600A29BE4 /* GBShopTests.xctest */;
			productType = "com.apple.product-type.bundle.unit-test";
		};
		3C9A58F826D7BC1600A29BE4 /* GBShopUITests */ = {
			isa = PBXNativeTarget;
			buildConfigurationList = 3C9A590826D7BC1600A29BE4 /* Build configuration list for PBXNativeTarget "GBShopUITests" */;
			buildPhases = (
				823A5291BE1421FE5D87C6F6 /* [CP] Check Pods Manifest.lock */,
				3C9A58F526D7BC1600A29BE4 /* Sources */,
				3C9A58F626D7BC1600A29BE4 /* Frameworks */,
				3C9A58F726D7BC1600A29BE4 /* Resources */,
				D93A44C5B0C451D3283372CC /* [CP] Embed Pods Frameworks */,
			);
			buildRules = (
			);
			dependencies = (
				3C9A58FB26D7BC1600A29BE4 /* PBXTargetDependency */,
			);
			name = GBShopUITests;
			productName = GBShopUITests;
			productReference = 3C9A58F926D7BC1600A29BE4 /* GBShopUITests.xctest */;
			productType = "com.apple.product-type.bundle.ui-testing";
		};
/* End PBXNativeTarget section */

/* Begin PBXProject section */
		3C9A58D026D7BC1300A29BE4 /* Project object */ = {
			isa = PBXProject;
			attributes = {
				LastSwiftUpdateCheck = 1250;
				LastUpgradeCheck = 1250;
				TargetAttributes = {
					3C9A58D726D7BC1300A29BE4 = {
						CreatedOnToolsVersion = 12.5.1;
					};
					3C9A58ED26D7BC1600A29BE4 = {
						CreatedOnToolsVersion = 12.5.1;
						TestTargetID = 3C9A58D726D7BC1300A29BE4;
					};
					3C9A58F826D7BC1600A29BE4 = {
						CreatedOnToolsVersion = 12.5.1;
						TestTargetID = 3C9A58D726D7BC1300A29BE4;
					};
				};
			};
			buildConfigurationList = 3C9A58D326D7BC1300A29BE4 /* Build configuration list for PBXProject "GBShop" */;
			compatibilityVersion = "Xcode 9.3";
			developmentRegion = en;
			hasScannedForEncodings = 0;
			knownRegions = (
				en,
				Base,
			);
			mainGroup = 3C9A58CF26D7BC1300A29BE4;
			productRefGroup = 3C9A58D926D7BC1300A29BE4 /* Products */;
			projectDirPath = "";
			projectRoot = "";
			targets = (
				3C9A58D726D7BC1300A29BE4 /* GBShop */,
				3C9A58ED26D7BC1600A29BE4 /* GBShopTests */,
				3C9A58F826D7BC1600A29BE4 /* GBShopUITests */,
			);
		};
/* End PBXProject section */

/* Begin PBXResourcesBuildPhase section */
		3C9A58D626D7BC1300A29BE4 /* Resources */ = {
			isa = PBXResourcesBuildPhase;
			buildActionMask = 2147483647;
			files = (
				3C9A58E826D7BC1500A29BE4 /* LaunchScreen.storyboard in Resources */,
				3C9A58E526D7BC1500A29BE4 /* Assets.xcassets in Resources */,
			);
			runOnlyForDeploymentPostprocessing = 0;
		};
		3C9A58EC26D7BC1600A29BE4 /* Resources */ = {
			isa = PBXResourcesBuildPhase;
			buildActionMask = 2147483647;
			files = (
			);
			runOnlyForDeploymentPostprocessing = 0;
		};
		3C9A58F726D7BC1600A29BE4 /* Resources */ = {
			isa = PBXResourcesBuildPhase;
			buildActionMask = 2147483647;
			files = (
			);
			runOnlyForDeploymentPostprocessing = 0;
		};
/* End PBXResourcesBuildPhase section */

/* Begin PBXShellScriptBuildPhase section */
		0693E270688BCE62F5DADD37 /* [CP] Embed Pods Frameworks */ = {
			isa = PBXShellScriptBuildPhase;
			buildActionMask = 2147483647;
			files = (
			);
			inputFileListPaths = (
				"${PODS_ROOT}/Target Support Files/Pods-GBShop/Pods-GBShop-frameworks-${CONFIGURATION}-input-files.xcfilelist",
			);
			name = "[CP] Embed Pods Frameworks";
			outputFileListPaths = (
				"${PODS_ROOT}/Target Support Files/Pods-GBShop/Pods-GBShop-frameworks-${CONFIGURATION}-output-files.xcfilelist",
			);
			runOnlyForDeploymentPostprocessing = 0;
			shellPath = /bin/sh;
			shellScript = "\"${PODS_ROOT}/Target Support Files/Pods-GBShop/Pods-GBShop-frameworks.sh\"\n";
			showEnvVarsInLog = 0;
		};
		5C8E9E58F083AFB258F16D29 /* [CP] Check Pods Manifest.lock */ = {
			isa = PBXShellScriptBuildPhase;
			buildActionMask = 2147483647;
			files = (
			);
			inputFileListPaths = (
			);
			inputPaths = (
				"${PODS_PODFILE_DIR_PATH}/Podfile.lock",
				"${PODS_ROOT}/Manifest.lock",
			);
			name = "[CP] Check Pods Manifest.lock";
			outputFileListPaths = (
			);
			outputPaths = (
				"$(DERIVED_FILE_DIR)/Pods-GBShop-checkManifestLockResult.txt",
			);
			runOnlyForDeploymentPostprocessing = 0;
			shellPath = /bin/sh;
			shellScript = "diff \"${PODS_PODFILE_DIR_PATH}/Podfile.lock\" \"${PODS_ROOT}/Manifest.lock\" > /dev/null\nif [ $? != 0 ] ; then\n    # print error to STDERR\n    echo \"error: The sandbox is not in sync with the Podfile.lock. Run 'pod install' or update your CocoaPods installation.\" >&2\n    exit 1\nfi\n# This output is used by Xcode 'outputs' to avoid re-running this script phase.\necho \"SUCCESS\" > \"${SCRIPT_OUTPUT_FILE_0}\"\n";
			showEnvVarsInLog = 0;
		};
		823A5291BE1421FE5D87C6F6 /* [CP] Check Pods Manifest.lock */ = {
			isa = PBXShellScriptBuildPhase;
			buildActionMask = 2147483647;
			files = (
			);
			inputFileListPaths = (
			);
			inputPaths = (
				"${PODS_PODFILE_DIR_PATH}/Podfile.lock",
				"${PODS_ROOT}/Manifest.lock",
			);
			name = "[CP] Check Pods Manifest.lock";
			outputFileListPaths = (
			);
			outputPaths = (
				"$(DERIVED_FILE_DIR)/Pods-GBShop-GBShopUITests-checkManifestLockResult.txt",
			);
			runOnlyForDeploymentPostprocessing = 0;
			shellPath = /bin/sh;
			shellScript = "diff \"${PODS_PODFILE_DIR_PATH}/Podfile.lock\" \"${PODS_ROOT}/Manifest.lock\" > /dev/null\nif [ $? != 0 ] ; then\n    # print error to STDERR\n    echo \"error: The sandbox is not in sync with the Podfile.lock. Run 'pod install' or update your CocoaPods installation.\" >&2\n    exit 1\nfi\n# This output is used by Xcode 'outputs' to avoid re-running this script phase.\necho \"SUCCESS\" > \"${SCRIPT_OUTPUT_FILE_0}\"\n";
			showEnvVarsInLog = 0;
		};
		D93A44C5B0C451D3283372CC /* [CP] Embed Pods Frameworks */ = {
			isa = PBXShellScriptBuildPhase;
			buildActionMask = 2147483647;
			files = (
			);
			inputFileListPaths = (
				"${PODS_ROOT}/Target Support Files/Pods-GBShop-GBShopUITests/Pods-GBShop-GBShopUITests-frameworks-${CONFIGURATION}-input-files.xcfilelist",
			);
			name = "[CP] Embed Pods Frameworks";
			outputFileListPaths = (
				"${PODS_ROOT}/Target Support Files/Pods-GBShop-GBShopUITests/Pods-GBShop-GBShopUITests-frameworks-${CONFIGURATION}-output-files.xcfilelist",
			);
			runOnlyForDeploymentPostprocessing = 0;
			shellPath = /bin/sh;
			shellScript = "\"${PODS_ROOT}/Target Support Files/Pods-GBShop-GBShopUITests/Pods-GBShop-GBShopUITests-frameworks.sh\"\n";
			showEnvVarsInLog = 0;
		};
		FB4BF98190B58DB947D2AC64 /* [CP] Check Pods Manifest.lock */ = {
			isa = PBXShellScriptBuildPhase;
			buildActionMask = 2147483647;
			files = (
			);
			inputFileListPaths = (
			);
			inputPaths = (
				"${PODS_PODFILE_DIR_PATH}/Podfile.lock",
				"${PODS_ROOT}/Manifest.lock",
			);
			name = "[CP] Check Pods Manifest.lock";
			outputFileListPaths = (
			);
			outputPaths = (
				"$(DERIVED_FILE_DIR)/Pods-GBShopTests-checkManifestLockResult.txt",
			);
			runOnlyForDeploymentPostprocessing = 0;
			shellPath = /bin/sh;
			shellScript = "diff \"${PODS_PODFILE_DIR_PATH}/Podfile.lock\" \"${PODS_ROOT}/Manifest.lock\" > /dev/null\nif [ $? != 0 ] ; then\n    # print error to STDERR\n    echo \"error: The sandbox is not in sync with the Podfile.lock. Run 'pod install' or update your CocoaPods installation.\" >&2\n    exit 1\nfi\n# This output is used by Xcode 'outputs' to avoid re-running this script phase.\necho \"SUCCESS\" > \"${SCRIPT_OUTPUT_FILE_0}\"\n";
			showEnvVarsInLog = 0;
		};
/* End PBXShellScriptBuildPhase section */

/* Begin PBXSourcesBuildPhase section */
		3C9A58D426D7BC1300A29BE4 /* Sources */ = {
			isa = PBXSourcesBuildPhase;
			buildActionMask = 2147483647;
			files = (
				3C63EDA226F09383003DDAE0 /* RemoveReviewRequestFactory.swift in Sources */,
				3C9E438B26DA999100330B8D /* LogoutRequestFactory.swift in Sources */,
				3C0B900E26D90EC7004D05B2 /* AuthRequestFactory.swift in Sources */,
				3C68DB3226F4C3A400C94E08 /* AddProductToBasket.swift in Sources */,
				3C63EDAB26F0AA1E003DDAE0 /* AllReviewsRequestFactory.swift in Sources */,
				3C68DB2D26F4C2A200C94E08 /* AddProductToBasketResult.swift in Sources */,
				3CB075DA2701B939005F2447 /* CustomAlertViewController2.swift in Sources */,
				3C9E438726DA98DB00330B8D /* Logout.swift in Sources */,
				3C63ED9526F089F2003DDAE0 /* AddReviewRequestFactory.swift in Sources */,
				3C70C81A26FB607200440844 /* PayBasket.swift in Sources */,
				3C68DB3926F4C88700C94E08 /* DeleteProductFromBasket.swift in Sources */,
				3C9E439B26DAA6F500330B8D /* UpdateUserResult.swift in Sources */,
				3C0B900626D9092B004D05B2 /* RequestRouter.swift in Sources */,
				3C51E1BA26E2A5A1007F60C9 /* ProductResult.swift in Sources */,
				3C63EDAD26F0AA70003DDAE0 /* AllReviews.swift in Sources */,
				3C70C81826FB602900440844 /* PayBasketRequestFactory.swift in Sources */,
				3C9E439326DAA08900330B8D /* Registration.swift in Sources */,
				3C73821B26FF4EC600132AAA /* UserInformationViewController.swift in Sources */,
				3C51E1C326E2A878007F60C9 /* ProductRequestFactory.swift in Sources */,
				3C9E43A226DAA8BC00330B8D /* UpdateUser.swift in Sources */,
				3C9E437F26DA96CE00330B8D /* LogoutResult.swift in Sources */,
				3CC6D5EB2701FAC900B60AA3 /* BlurredLabel.swift in Sources */,
				3C63ED9226F08937003DDAE0 /* AddReviewResult.swift in Sources */,
				3C9E439726DAA57900330B8D /* Gender.swift in Sources */,
				3CB075D82701B0A2005F2447 /* CustomAlertViewController.swift in Sources */,
				3C0B900426D9080B004D05B2 /* AbstractRequestFactory.swift in Sources */,
				3C51E1BC26E2A637007F60C9 /* Catalog.swift in Sources */,
				3C68DB3726F4C7F100C94E08 /* DeleteProductFromBasketRequestFactory.swift in Sources */,
				3C9E439126DA9E4900330B8D /* RegistrationRequestFactory .swift in Sources */,
				3C0B901226D90FD0004D05B2 /* RequestFactory.swift in Sources */,
				3C0B900026D8F119004D05B2 /* ErrorParser.swift in Sources */,
				3C73821F26FF646100132AAA /* Test2ViewController.swift in Sources */,
				3C9A591426D7BE4800A29BE4 /* LoginViewController.swift in Sources */,
				3CFC07AA27007C9900904600 /* GBShopStandardTextField.swift in Sources */,
				3C9E43A026DAA84500330B8D /* UpdateUserRequestFactory.swift in Sources */,
				3C73822126FF64B500132AAA /* MainTabBarController.swift in Sources */,
				3C84C12C26FF113600AC287C /* RegistrationViewController.swift in Sources */,
				3C51E1C126E2A86E007F60C9 /* Product.swift in Sources */,
				3C07DC8326FE125F00494876 /* UIButton + Extensions.swift in Sources */,
				3C63EDA926F0A91C003DDAE0 /* AllReviewsResult.swift in Sources */,
				3C73821D26FF645000132AAA /* TestViewController.swift in Sources */,
				3C9A58DC26D7BC1300A29BE4 /* AppDelegate.swift in Sources */,
				3C68DB3026F4C2FC00C94E08 /* AddProductToBasketRequestFactory.swift in Sources */,
				3C51E1BF26E2A64F007F60C9 /* CatalogRequestFactory.swift in Sources */,
				3C9A58DE26D7BC1300A29BE4 /* SceneDelegate.swift in Sources */,
				3C63EDA426F093CF003DDAE0 /* RemoveReview.swift in Sources */,
				3C63ED9D26F092AD003DDAE0 /* RemoveReviewResult.swift in Sources */,
				3C9E438E26DA9DC200330B8D /* RegistrationResult.swift in Sources */,
				3C84C12E26FF12B900AC287C /* UISegmentControl + Extensions.swift in Sources */,
				3C51E1B826E2A505007F60C9 /* CatalogProductResult.swift in Sources */,
				3C0B900926D90DED004D05B2 /* LoginResult.swift in Sources */,
				3C0B900226D9036C004D05B2 /* CustomDecodableSerializer.swift in Sources */,
				3CFC076C270073C300904600 /* Colors.swift in Sources */,
				3C0B900B26D90E07004D05B2 /* User.swift in Sources */,
				3CC6D5E92701EF6400B60AA3 /* BlurOverLabelView.swift in Sources */,
				3C9E439D26DAA74700330B8D /* UpdateUserData.swift in Sources */,
				3C9A591726D7EAFA00A29BE4 /* AbstractErrorParser.swift in Sources */,
				3C63ED9726F08AA1003DDAE0 /* AddReview.swift in Sources */,
				3C70C81526FB5F7C00440844 /* PayBasketResult.swift in Sources */,
				3C9E439526DAA55200330B8D /* RegistrationData.swift in Sources */,
				3C68DB3426F4C7A000C94E08 /* DeleteProductFromBasketResult.swift in Sources */,
				3C0B901026D90F05004D05B2 /* Auth.swift in Sources */,
			);
			runOnlyForDeploymentPostprocessing = 0;
		};
		3C9A58EA26D7BC1600A29BE4 /* Sources */ = {
			isa = PBXSourcesBuildPhase;
			buildActionMask = 2147483647;
			files = (
				3C63EDAF26F0ACA6003DDAE0 /* AllReviewsTests.swift in Sources */,
				3C51E1CA26E2AEBB007F60C9 /* RegistrationTests.swift in Sources */,
				3C68DB3B26F4DF8200C94E08 /* AddProductToBasketTests.swift in Sources */,
				3C9A58F326D7BC1600A29BE4 /* GBShopTests.swift in Sources */,
				3C51E1D026E2B087007F60C9 /* ProductTests.swift in Sources */,
				3C51E1C826E2AE32007F60C9 /* LogoutTests.swift in Sources */,
				3C51E1CE26E2B00C007F60C9 /* CatalogTests.swift in Sources */,
				3C63EDA626F0983C003DDAE0 /* RemoveReviewTests.swift in Sources */,
				3C51E1CC26E2AF39007F60C9 /* UpdateUserTests.swift in Sources */,
				3C63ED9B26F08EAD003DDAE0 /* AddReviewTests.swift in Sources */,
				3C70C81C26FB636000440844 /* PayBasketTests.swift in Sources */,
				3C68DB3D26F4E10200C94E08 /* DeleteProductFromBasketTests.swift in Sources */,
				3C51E1C626E2A9B2007F60C9 /* AuthTests.swift in Sources */,
				3C4454F426DFC8B9006B891D /* ResponseCodableTests.swift in Sources */,
			);
			runOnlyForDeploymentPostprocessing = 0;
		};
		3C9A58F526D7BC1600A29BE4 /* Sources */ = {
			isa = PBXSourcesBuildPhase;
			buildActionMask = 2147483647;
			files = (
				3C9A58FE26D7BC1600A29BE4 /* GBShopUITests.swift in Sources */,
			);
			runOnlyForDeploymentPostprocessing = 0;
		};
/* End PBXSourcesBuildPhase section */

/* Begin PBXTargetDependency section */
		3C9A58F026D7BC1600A29BE4 /* PBXTargetDependency */ = {
			isa = PBXTargetDependency;
			target = 3C9A58D726D7BC1300A29BE4 /* GBShop */;
			targetProxy = 3C9A58EF26D7BC1600A29BE4 /* PBXContainerItemProxy */;
		};
		3C9A58FB26D7BC1600A29BE4 /* PBXTargetDependency */ = {
			isa = PBXTargetDependency;
			target = 3C9A58D726D7BC1300A29BE4 /* GBShop */;
			targetProxy = 3C9A58FA26D7BC1600A29BE4 /* PBXContainerItemProxy */;
		};
/* End PBXTargetDependency section */

/* Begin PBXVariantGroup section */
		3C9A58E626D7BC1500A29BE4 /* LaunchScreen.storyboard */ = {
			isa = PBXVariantGroup;
			children = (
				3C9A58E726D7BC1500A29BE4 /* Base */,
			);
			name = LaunchScreen.storyboard;
			sourceTree = "<group>";
		};
/* End PBXVariantGroup section */

/* Begin XCBuildConfiguration section */
		3C9A590026D7BC1600A29BE4 /* Debug */ = {
			isa = XCBuildConfiguration;
			buildSettings = {
				ALWAYS_SEARCH_USER_PATHS = NO;
				CLANG_ANALYZER_NONNULL = YES;
				CLANG_ANALYZER_NUMBER_OBJECT_CONVERSION = YES_AGGRESSIVE;
				CLANG_CXX_LANGUAGE_STANDARD = "gnu++14";
				CLANG_CXX_LIBRARY = "libc++";
				CLANG_ENABLE_MODULES = YES;
				CLANG_ENABLE_OBJC_ARC = YES;
				CLANG_ENABLE_OBJC_WEAK = YES;
				CLANG_WARN_BLOCK_CAPTURE_AUTORELEASING = YES;
				CLANG_WARN_BOOL_CONVERSION = YES;
				CLANG_WARN_COMMA = YES;
				CLANG_WARN_CONSTANT_CONVERSION = YES;
				CLANG_WARN_DEPRECATED_OBJC_IMPLEMENTATIONS = YES;
				CLANG_WARN_DIRECT_OBJC_ISA_USAGE = YES_ERROR;
				CLANG_WARN_DOCUMENTATION_COMMENTS = YES;
				CLANG_WARN_EMPTY_BODY = YES;
				CLANG_WARN_ENUM_CONVERSION = YES;
				CLANG_WARN_INFINITE_RECURSION = YES;
				CLANG_WARN_INT_CONVERSION = YES;
				CLANG_WARN_NON_LITERAL_NULL_CONVERSION = YES;
				CLANG_WARN_OBJC_IMPLICIT_RETAIN_SELF = YES;
				CLANG_WARN_OBJC_LITERAL_CONVERSION = YES;
				CLANG_WARN_OBJC_ROOT_CLASS = YES_ERROR;
				CLANG_WARN_QUOTED_INCLUDE_IN_FRAMEWORK_HEADER = YES;
				CLANG_WARN_RANGE_LOOP_ANALYSIS = YES;
				CLANG_WARN_STRICT_PROTOTYPES = YES;
				CLANG_WARN_SUSPICIOUS_MOVE = YES;
				CLANG_WARN_UNGUARDED_AVAILABILITY = YES_AGGRESSIVE;
				CLANG_WARN_UNREACHABLE_CODE = YES;
				CLANG_WARN__DUPLICATE_METHOD_MATCH = YES;
				COPY_PHASE_STRIP = NO;
				DEBUG_INFORMATION_FORMAT = dwarf;
				ENABLE_STRICT_OBJC_MSGSEND = YES;
				ENABLE_TESTABILITY = YES;
				GCC_C_LANGUAGE_STANDARD = gnu11;
				GCC_DYNAMIC_NO_PIC = NO;
				GCC_NO_COMMON_BLOCKS = YES;
				GCC_OPTIMIZATION_LEVEL = 0;
				GCC_PREPROCESSOR_DEFINITIONS = (
					"DEBUG=1",
					"$(inherited)",
				);
				GCC_WARN_64_TO_32_BIT_CONVERSION = YES;
				GCC_WARN_ABOUT_RETURN_TYPE = YES_ERROR;
				GCC_WARN_UNDECLARED_SELECTOR = YES;
				GCC_WARN_UNINITIALIZED_AUTOS = YES_AGGRESSIVE;
				GCC_WARN_UNUSED_FUNCTION = YES;
				GCC_WARN_UNUSED_VARIABLE = YES;
				IPHONEOS_DEPLOYMENT_TARGET = 14.5;
				MTL_ENABLE_DEBUG_INFO = INCLUDE_SOURCE;
				MTL_FAST_MATH = YES;
				ONLY_ACTIVE_ARCH = YES;
				SDKROOT = iphoneos;
				SWIFT_ACTIVE_COMPILATION_CONDITIONS = DEBUG;
				SWIFT_OPTIMIZATION_LEVEL = "-Onone";
			};
			name = Debug;
		};
		3C9A590126D7BC1600A29BE4 /* Release */ = {
			isa = XCBuildConfiguration;
			buildSettings = {
				ALWAYS_SEARCH_USER_PATHS = NO;
				CLANG_ANALYZER_NONNULL = YES;
				CLANG_ANALYZER_NUMBER_OBJECT_CONVERSION = YES_AGGRESSIVE;
				CLANG_CXX_LANGUAGE_STANDARD = "gnu++14";
				CLANG_CXX_LIBRARY = "libc++";
				CLANG_ENABLE_MODULES = YES;
				CLANG_ENABLE_OBJC_ARC = YES;
				CLANG_ENABLE_OBJC_WEAK = YES;
				CLANG_WARN_BLOCK_CAPTURE_AUTORELEASING = YES;
				CLANG_WARN_BOOL_CONVERSION = YES;
				CLANG_WARN_COMMA = YES;
				CLANG_WARN_CONSTANT_CONVERSION = YES;
				CLANG_WARN_DEPRECATED_OBJC_IMPLEMENTATIONS = YES;
				CLANG_WARN_DIRECT_OBJC_ISA_USAGE = YES_ERROR;
				CLANG_WARN_DOCUMENTATION_COMMENTS = YES;
				CLANG_WARN_EMPTY_BODY = YES;
				CLANG_WARN_ENUM_CONVERSION = YES;
				CLANG_WARN_INFINITE_RECURSION = YES;
				CLANG_WARN_INT_CONVERSION = YES;
				CLANG_WARN_NON_LITERAL_NULL_CONVERSION = YES;
				CLANG_WARN_OBJC_IMPLICIT_RETAIN_SELF = YES;
				CLANG_WARN_OBJC_LITERAL_CONVERSION = YES;
				CLANG_WARN_OBJC_ROOT_CLASS = YES_ERROR;
				CLANG_WARN_QUOTED_INCLUDE_IN_FRAMEWORK_HEADER = YES;
				CLANG_WARN_RANGE_LOOP_ANALYSIS = YES;
				CLANG_WARN_STRICT_PROTOTYPES = YES;
				CLANG_WARN_SUSPICIOUS_MOVE = YES;
				CLANG_WARN_UNGUARDED_AVAILABILITY = YES_AGGRESSIVE;
				CLANG_WARN_UNREACHABLE_CODE = YES;
				CLANG_WARN__DUPLICATE_METHOD_MATCH = YES;
				COPY_PHASE_STRIP = NO;
				DEBUG_INFORMATION_FORMAT = "dwarf-with-dsym";
				ENABLE_NS_ASSERTIONS = NO;
				ENABLE_STRICT_OBJC_MSGSEND = YES;
				GCC_C_LANGUAGE_STANDARD = gnu11;
				GCC_NO_COMMON_BLOCKS = YES;
				GCC_WARN_64_TO_32_BIT_CONVERSION = YES;
				GCC_WARN_ABOUT_RETURN_TYPE = YES_ERROR;
				GCC_WARN_UNDECLARED_SELECTOR = YES;
				GCC_WARN_UNINITIALIZED_AUTOS = YES_AGGRESSIVE;
				GCC_WARN_UNUSED_FUNCTION = YES;
				GCC_WARN_UNUSED_VARIABLE = YES;
				IPHONEOS_DEPLOYMENT_TARGET = 14.5;
				MTL_ENABLE_DEBUG_INFO = NO;
				MTL_FAST_MATH = YES;
				SDKROOT = iphoneos;
				SWIFT_COMPILATION_MODE = wholemodule;
				SWIFT_OPTIMIZATION_LEVEL = "-O";
				VALIDATE_PRODUCT = YES;
			};
			name = Release;
		};
		3C9A590326D7BC1600A29BE4 /* Debug */ = {
			isa = XCBuildConfiguration;
			baseConfigurationReference = 86EEDDA11A03DD794B820112 /* Pods-GBShop.debug.xcconfig */;
			buildSettings = {
				ASSETCATALOG_COMPILER_APPICON_NAME = AppIcon;
				ASSETCATALOG_COMPILER_GLOBAL_ACCENT_COLOR_NAME = AccentColor;
				CODE_SIGN_STYLE = Automatic;
				DEVELOPMENT_TEAM = 97H7Q83X5L;
				INFOPLIST_FILE = GBShop/Environments/Info.plist;
				LD_RUNPATH_SEARCH_PATHS = (
					"$(inherited)",
					"@executable_path/Frameworks",
				);
				PRODUCT_BUNDLE_IDENTIFIER = Tigr.GBShop;
				PRODUCT_NAME = "$(TARGET_NAME)";
				SWIFT_VERSION = 5.0;
				TARGETED_DEVICE_FAMILY = "1,2";
			};
			name = Debug;
		};
		3C9A590426D7BC1600A29BE4 /* Release */ = {
			isa = XCBuildConfiguration;
			baseConfigurationReference = D41F3625B39529D8211A118E /* Pods-GBShop.release.xcconfig */;
			buildSettings = {
				ASSETCATALOG_COMPILER_APPICON_NAME = AppIcon;
				ASSETCATALOG_COMPILER_GLOBAL_ACCENT_COLOR_NAME = AccentColor;
				CODE_SIGN_STYLE = Automatic;
				DEVELOPMENT_TEAM = 97H7Q83X5L;
				INFOPLIST_FILE = GBShop/Environments/Info.plist;
				LD_RUNPATH_SEARCH_PATHS = (
					"$(inherited)",
					"@executable_path/Frameworks",
				);
				PRODUCT_BUNDLE_IDENTIFIER = Tigr.GBShop;
				PRODUCT_NAME = "$(TARGET_NAME)";
				SWIFT_VERSION = 5.0;
				TARGETED_DEVICE_FAMILY = "1,2";
			};
			name = Release;
		};
		3C9A590626D7BC1600A29BE4 /* Debug */ = {
			isa = XCBuildConfiguration;
			baseConfigurationReference = C4297821C01064F7197055F2 /* Pods-GBShopTests.debug.xcconfig */;
			buildSettings = {
				ALWAYS_EMBED_SWIFT_STANDARD_LIBRARIES = YES;
				BUNDLE_LOADER = "$(TEST_HOST)";
				CODE_SIGN_STYLE = Automatic;
				DEVELOPMENT_TEAM = 97H7Q83X5L;
				INFOPLIST_FILE = GBShopTests/Info.plist;
				IPHONEOS_DEPLOYMENT_TARGET = 14.5;
				LD_RUNPATH_SEARCH_PATHS = (
					"$(inherited)",
					"@executable_path/Frameworks",
					"@loader_path/Frameworks",
				);
				PRODUCT_BUNDLE_IDENTIFIER = Tigr.GBShopTests;
				PRODUCT_NAME = "$(TARGET_NAME)";
				SWIFT_VERSION = 5.0;
				TARGETED_DEVICE_FAMILY = "1,2";
				TEST_HOST = "$(BUILT_PRODUCTS_DIR)/GBShop.app/GBShop";
			};
			name = Debug;
		};
		3C9A590726D7BC1600A29BE4 /* Release */ = {
			isa = XCBuildConfiguration;
			baseConfigurationReference = 2B8633B91D006F2CBE073480 /* Pods-GBShopTests.release.xcconfig */;
			buildSettings = {
				ALWAYS_EMBED_SWIFT_STANDARD_LIBRARIES = YES;
				BUNDLE_LOADER = "$(TEST_HOST)";
				CODE_SIGN_STYLE = Automatic;
				DEVELOPMENT_TEAM = 97H7Q83X5L;
				INFOPLIST_FILE = GBShopTests/Info.plist;
				IPHONEOS_DEPLOYMENT_TARGET = 14.5;
				LD_RUNPATH_SEARCH_PATHS = (
					"$(inherited)",
					"@executable_path/Frameworks",
					"@loader_path/Frameworks",
				);
				PRODUCT_BUNDLE_IDENTIFIER = Tigr.GBShopTests;
				PRODUCT_NAME = "$(TARGET_NAME)";
				SWIFT_VERSION = 5.0;
				TARGETED_DEVICE_FAMILY = "1,2";
				TEST_HOST = "$(BUILT_PRODUCTS_DIR)/GBShop.app/GBShop";
			};
			name = Release;
		};
		3C9A590926D7BC1600A29BE4 /* Debug */ = {
			isa = XCBuildConfiguration;
			baseConfigurationReference = A3BA2CF0B3665416B8AD6654 /* Pods-GBShop-GBShopUITests.debug.xcconfig */;
			buildSettings = {
				ALWAYS_EMBED_SWIFT_STANDARD_LIBRARIES = YES;
				CODE_SIGN_STYLE = Automatic;
				DEVELOPMENT_TEAM = 97H7Q83X5L;
				INFOPLIST_FILE = GBShopUITests/Info.plist;
				LD_RUNPATH_SEARCH_PATHS = (
					"$(inherited)",
					"@executable_path/Frameworks",
					"@loader_path/Frameworks",
				);
				PRODUCT_BUNDLE_IDENTIFIER = Tigr.GBShopUITests;
				PRODUCT_NAME = "$(TARGET_NAME)";
				SWIFT_VERSION = 5.0;
				TARGETED_DEVICE_FAMILY = "1,2";
				TEST_TARGET_NAME = GBShop;
			};
			name = Debug;
		};
		3C9A590A26D7BC1600A29BE4 /* Release */ = {
			isa = XCBuildConfiguration;
			baseConfigurationReference = 511D9189274798BC55F052A3 /* Pods-GBShop-GBShopUITests.release.xcconfig */;
			buildSettings = {
				ALWAYS_EMBED_SWIFT_STANDARD_LIBRARIES = YES;
				CODE_SIGN_STYLE = Automatic;
				DEVELOPMENT_TEAM = 97H7Q83X5L;
				INFOPLIST_FILE = GBShopUITests/Info.plist;
				LD_RUNPATH_SEARCH_PATHS = (
					"$(inherited)",
					"@executable_path/Frameworks",
					"@loader_path/Frameworks",
				);
				PRODUCT_BUNDLE_IDENTIFIER = Tigr.GBShopUITests;
				PRODUCT_NAME = "$(TARGET_NAME)";
				SWIFT_VERSION = 5.0;
				TARGETED_DEVICE_FAMILY = "1,2";
				TEST_TARGET_NAME = GBShop;
			};
			name = Release;
		};
/* End XCBuildConfiguration section */

/* Begin XCConfigurationList section */
		3C9A58D326D7BC1300A29BE4 /* Build configuration list for PBXProject "GBShop" */ = {
			isa = XCConfigurationList;
			buildConfigurations = (
				3C9A590026D7BC1600A29BE4 /* Debug */,
				3C9A590126D7BC1600A29BE4 /* Release */,
			);
			defaultConfigurationIsVisible = 0;
			defaultConfigurationName = Release;
		};
		3C9A590226D7BC1600A29BE4 /* Build configuration list for PBXNativeTarget "GBShop" */ = {
			isa = XCConfigurationList;
			buildConfigurations = (
				3C9A590326D7BC1600A29BE4 /* Debug */,
				3C9A590426D7BC1600A29BE4 /* Release */,
			);
			defaultConfigurationIsVisible = 0;
			defaultConfigurationName = Release;
		};
		3C9A590526D7BC1600A29BE4 /* Build configuration list for PBXNativeTarget "GBShopTests" */ = {
			isa = XCConfigurationList;
			buildConfigurations = (
				3C9A590626D7BC1600A29BE4 /* Debug */,
				3C9A590726D7BC1600A29BE4 /* Release */,
			);
			defaultConfigurationIsVisible = 0;
			defaultConfigurationName = Release;
		};
		3C9A590826D7BC1600A29BE4 /* Build configuration list for PBXNativeTarget "GBShopUITests" */ = {
			isa = XCConfigurationList;
			buildConfigurations = (
				3C9A590926D7BC1600A29BE4 /* Debug */,
				3C9A590A26D7BC1600A29BE4 /* Release */,
			);
			defaultConfigurationIsVisible = 0;
			defaultConfigurationName = Release;
		};
/* End XCConfigurationList section */
	};
	rootObject = 3C9A58D026D7BC1300A29BE4 /* Project object */;
}
